
Microsoft Visual Studio Solution File, Format Version 12.00
# Visual Studio Version 17
VisualStudioVersion = 17.13.35818.85 d17.13
MinimumVisualStudioVersion = 10.0.40219.1
Project("{FAE04EC0-301F-11D3-BF4B-00C04F79EFBC}") = "Rational Number Struct", "Rational Number Struct\Rational Number Struct.csproj", "{BDBAC4F2-FCD2-474A-AF27-E3A27BEADE8C}"
EndProject
Global
	GlobalSection(SolutionConfigurationPlatforms) = preSolution
		Debug|Any CPU = Debug|Any CPU
		Release|Any CPU = Release|Any CPU
	EndGlobalSection
	GlobalSection(ProjectConfigurationPlatforms) = postSolution
		{BDBAC4F2-FCD2-474A-AF27-E3A27BEADE8C}.Debug|Any CPU.ActiveCfg = Debug|Any CPU
		{BDBAC4F2-FCD2-474A-AF27-E3A27BEADE8C}.Debug|Any CPU.Build.0 = Debug|Any CPU
		{BDBAC4F2-FCD2-474A-AF27-E3A27BEADE8C}.Release|Any CPU.ActiveCfg = Release|Any CPU
		{BDBAC4F2-FCD2-474A-AF27-E3A27BEADE8C}.Release|Any CPU.Build.0 = Release|Any CPU
	EndGlobalSection
	GlobalSection(SolutionProperties) = preSolution
		HideSolutionNode = FALSE
	EndGlobalSection
	GlobalSection(ExtensibilityGlobals) = postSolution
		SolutionGuid = {03A5057E-C14D-4BD7-9A8A-87B5092FEE86}
	EndGlobalSection
EndGlobal
